
Microsoft Visual Studio Solution File, Format Version 12.00
# Visual Studio Version 17
VisualStudioVersion = 17.10.35027.167
MinimumVisualStudioVersion = 10.0.40219.1
Project("{FAE04EC0-301F-11D3-BF4B-00C04F79EFBC}") = "DPS", "DPS\DPS.csproj", "{F6DB82DF-C514-498F-B1F1-32203AAF1E18}"
EndProject
Global
	GlobalSection(SolutionConfigurationPlatforms) = preSolution
		Debug|Any CPU = Debug|Any CPU
		Release|Any CPU = Release|Any CPU
	EndGlobalSection
	GlobalSection(ProjectConfigurationPlatforms) = postSolution
		{F6DB82DF-C514-498F-B1F1-32203AAF1E18}.Debug|Any CPU.ActiveCfg = Debug|Any CPU
		{F6DB82DF-C514-498F-B1F1-32203AAF1E18}.Debug|Any CPU.Build.0 = Debug|Any CPU
		{F6DB82DF-C514-498F-B1F1-32203AAF1E18}.Release|Any CPU.ActiveCfg = Release|Any CPU
		{F6DB82DF-C514-498F-B1F1-32203AAF1E18}.Release|Any CPU.Build.0 = Release|Any CPU
	EndGlobalSection
	GlobalSection(SolutionProperties) = preSolution
		HideSolutionNode = FALSE
	EndGlobalSection
	GlobalSection(ExtensibilityGlobals) = postSolution
		SolutionGuid = {1A4BF586-C8CA-4FED-ABFB-B173D192CA03}
	EndGlobalSection
EndGlobal
